
Microsoft Visual Studio Solution File, Format Version 12.00
# Visual Studio Version 17
VisualStudioVersion = 17.11.35222.181
MinimumVisualStudioVersion = 10.0.40219.1
Project("{2150E333-8FDC-42A3-9474-1A3956D46DE8}") = "Task0", "Task0", "{F971DC96-3E58-4631-9BD6-18D6EFF0F14B}"
EndProject
Project("{9A19103F-16F7-4668-BE54-9A1E7A4F7556}") = "Tyuiu.YakovlevVAa.Sprint5.Task0.V21", "Tyuiu.YakovlevVAa.Sprint5.Task0.V21\Tyuiu.YakovlevVAa.Sprint5.Task0.V21.csproj", "{5CDD1CD2-3897-4017-9FC9-7764ECB28D0A}"
EndProject
Project("{9A19103F-16F7-4668-BE54-9A1E7A4F7556}") = "Tyuiu.YakovlevVAa.Sprint5.Task0.V21.Test", "Tyuiu.YakovlevVAa.Sprint5.Task0.V21.Test\Tyuiu.YakovlevVAa.Sprint5.Task0.V21.Test.csproj", "{82228093-EED5-42F9-B03A-F6DBE91648D9}"
EndProject
Project("{9A19103F-16F7-4668-BE54-9A1E7A4F7556}") = "Tyuiu.YakovlevVAa.Sprint5.Task0.V21.Lib", "Tyuiu.YakovlevVAa.Sprint5.Task0.V21.Lib\Tyuiu.YakovlevVAa.Sprint5.Task0.V21.Lib.csproj", "{2011E2AD-9B83-460A-989E-7972E8CB610C}"
EndProject
Project("{2150E333-8FDC-42A3-9474-1A3956D46DE8}") = "Task1", "Task1", "{09971704-F0B6-4943-AB60-F411BAF62970}"
EndProject
Project("{9A19103F-16F7-4668-BE54-9A1E7A4F7556}") = "Tyuiu.YakovlevVAa.Sprint5.Task1.V16", "Tyuiu.YakovlevVAa.Sprint5.Task1.V16\Tyuiu.YakovlevVAa.Sprint5.Task1.V16.csproj", "{95A7AAD5-7E6D-4D58-82F8-686590577641}"
EndProject
Project("{9A19103F-16F7-4668-BE54-9A1E7A4F7556}") = "Tyuiu.YakovlevVAa.Sprint5.Task1.V16.Test", "Tyuiu.YakovlevVAa.Sprint5.Task1.V16.Test\Tyuiu.YakovlevVAa.Sprint5.Task1.V16.Test.csproj", "{DD737159-C889-40E1-960E-A5743B83B3DA}"
EndProject
Project("{9A19103F-16F7-4668-BE54-9A1E7A4F7556}") = "Tyuiu.YakovlevVAa.Sprint5.Task1.V16.Lib", "Tyuiu.YakovlevVAa.Sprint5.Task1.V16.Lib\Tyuiu.YakovlevVAa.Sprint5.Task1.V16.Lib.csproj", "{45DC2991-2D14-4D4F-A82F-71F957FE026F}"
EndProject
Project("{2150E333-8FDC-42A3-9474-1A3956D46DE8}") = "Task2", "Task2", "{2D80A614-C42E-49F6-887D-DDCE26C43FA9}"
EndProject
Project("{9A19103F-16F7-4668-BE54-9A1E7A4F7556}") = "Tyuiu.YakovlevVAa.Sprint5.Task2.V5", "Tyuiu.YakovlevVAa.Sprint5.Task2.V5\Tyuiu.YakovlevVAa.Sprint5.Task2.V5.csproj", "{AA21920A-DEF5-428F-8241-EE7A4F3A8414}"
EndProject
Project("{9A19103F-16F7-4668-BE54-9A1E7A4F7556}") = "Tyuiu.YakovlevVAa.Sprint5.Task2.V5.Test", "Tyuiu.YakovlevVAa.Sprint5.Task2.V5.Test\Tyuiu.YakovlevVAa.Sprint5.Task2.V5.Test.csproj", "{24797876-E458-4380-AC79-00E2D2B718EF}"
EndProject
Project("{9A19103F-16F7-4668-BE54-9A1E7A4F7556}") = "Tyuiu.YakovlevVAa.Sprint5.Task2.V5.Lib", "Tyuiu.YakovlevVAa.Sprint5.Task2.V5.Lib\Tyuiu.YakovlevVAa.Sprint5.Task2.V5.Lib.csproj", "{27083505-7BEB-4787-A12A-8471759E3207}"
EndProject
Project("{2150E333-8FDC-42A3-9474-1A3956D46DE8}") = "Task3", "Task3", "{EBC4CC68-0EC1-4753-B10A-A82DCB2570EC}"
EndProject
Project("{9A19103F-16F7-4668-BE54-9A1E7A4F7556}") = "Tyuiu.YakovlevVAa.Sprint5.Task3.V19", "Tyuiu.YakovlevVAa.Sprint5.Task3.V19\Tyuiu.YakovlevVAa.Sprint5.Task3.V19.csproj", "{28B4664B-3C40-4FEA-B188-B95DB1EC4411}"
EndProject
Project("{9A19103F-16F7-4668-BE54-9A1E7A4F7556}") = "Tyuiu.YakovlevVAa.Sprint5.Task3.V19.Test", "Tyuiu.YakovlevVAa.Sprint5.Task3.V19.Test\Tyuiu.YakovlevVAa.Sprint5.Task3.V19.Test.csproj", "{71DAFA30-49C8-4574-81CF-109C07E3485B}"
EndProject
Project("{9A19103F-16F7-4668-BE54-9A1E7A4F7556}") = "Tyuiu.YakovlevVAa.Sprint5.Task3.V19.Lib", "Tyuiu.YakovlevVAa.Sprint5.Task3.V19.Lib\Tyuiu.YakovlevVAa.Sprint5.Task3.V19.Lib.csproj", "{4EC79E8F-D0CE-4E1C-AFB8-B0CE79CF86F5}"
EndProject
Project("{2150E333-8FDC-42A3-9474-1A3956D46DE8}") = "Task4", "Task4", "{1941346C-4995-4859-87E8-600796959B97}"
EndProject
Project("{9A19103F-16F7-4668-BE54-9A1E7A4F7556}") = "Tyuiu.YakovlevVAa.Sprint5.Task4.V26", "Tyuiu.YakovlevVAa.Sprint5.Task4.V26\Tyuiu.YakovlevVAa.Sprint5.Task4.V26.csproj", "{8A7BEBB2-8D3D-4581-8270-C5606A91951C}"
EndProject
Project("{9A19103F-16F7-4668-BE54-9A1E7A4F7556}") = "Tyuiu.YakovlevVAa.Sprint5.Task4.V26.Test", "Tyuiu.YakovlevVAa.Sprint5.Task4.V26.Test\Tyuiu.YakovlevVAa.Sprint5.Task4.V26.Test.csproj", "{50FEA704-2D46-4C30-A45F-995A72D20577}"
EndProject
Project("{9A19103F-16F7-4668-BE54-9A1E7A4F7556}") = "Tyuiu.YakovlevVAa.Sprint5.Task4.V26.Lib", "Tyuiu.YakovlevVAa.Sprint5.Task4.V26.Lib\Tyuiu.YakovlevVAa.Sprint5.Task4.V26.Lib.csproj", "{505F6B7B-0F2F-4550-A251-8E4048A8C195}"
EndProject
Project("{2150E333-8FDC-42A3-9474-1A3956D46DE8}") = "Task5", "Task5", "{65BF43CC-B301-4063-8FE1-58271FD0789E}"
EndProject
Project("{9A19103F-16F7-4668-BE54-9A1E7A4F7556}") = "Tyuiu.YakovlevVAa.Sprint5.Task5.V10", "Tyuiu.YakovlevVAa.Sprint5.Task5.V10\Tyuiu.YakovlevVAa.Sprint5.Task5.V10.csproj", "{0F4A551B-A8AD-487E-8B97-5107A37FE415}"
EndProject
Project("{9A19103F-16F7-4668-BE54-9A1E7A4F7556}") = "Tyuiu.YakovlevVAa.Sprint5.Task5.V10.Test", "Tyuiu.YakovlevVAa.Sprint5.Task5.V10.Test\Tyuiu.YakovlevVAa.Sprint5.Task5.V10.Test.csproj", "{CF8DA62C-796B-483B-8A72-46B565334920}"
EndProject
Project("{9A19103F-16F7-4668-BE54-9A1E7A4F7556}") = "Tyuiu.YakovlevVAa.Sprint5.Task5.V10.Lib", "Tyuiu.YakovlevVAa.Sprint5.Task5.V10.Lib\Tyuiu.YakovlevVAa.Sprint5.Task5.V10.Lib.csproj", "{B7A721DA-3264-4BBC-9909-F648934E7C9B}"
EndProject
Project("{2150E333-8FDC-42A3-9474-1A3956D46DE8}") = "Task6", "Task6", "{1A605256-8045-4BC2-BD76-8745972B13E7}"
EndProject
Project("{FAE04EC0-301F-11D3-BF4B-00C04F79EFBC}") = "Tyuiu.YakovlevVAa.Sprint5.Task6.V6", "Tyuiu.YakovlevVAa.Sprint5.Task6.V6\Tyuiu.YakovlevVAa.Sprint5.Task6.V6.csproj", "{3F63A817-6CA4-4EC0-9CAC-B99D893266E1}"
EndProject
Project("{FAE04EC0-301F-11D3-BF4B-00C04F79EFBC}") = "Tyuiu.YakovlevVAa.Sprint5.Task6.V6.Lib", "Tyuiu.YakovlevVAa.Sprint5.Task6.V6.Lib\Tyuiu.YakovlevVAa.Sprint5.Task6.V6.Lib.csproj", "{477E9B4B-7AAE-417B-ACF2-EE508F92A0D7}"
EndProject
Project("{FAE04EC0-301F-11D3-BF4B-00C04F79EFBC}") = "Tyuiu.YakovlevVAa.Sprint5.Task6.V6.Test", "Tyuiu.YakovlevVAa.Sprint5.Task6.V6.Test\Tyuiu.YakovlevVAa.Sprint5.Task6.V6.Test.csproj", "{EF4A8692-0CEC-4758-BD22-AA5B51CF8D6E}"
EndProject
Global
	GlobalSection(SolutionConfigurationPlatforms) = preSolution
		Debug|Any CPU = Debug|Any CPU
		Release|Any CPU = Release|Any CPU
	EndGlobalSection
	GlobalSection(ProjectConfigurationPlatforms) = postSolution
		{5CDD1CD2-3897-4017-9FC9-7764ECB28D0A}.Debug|Any CPU.ActiveCfg = Debug|Any CPU
		{5CDD1CD2-3897-4017-9FC9-7764ECB28D0A}.Debug|Any CPU.Build.0 = Debug|Any CPU
		{5CDD1CD2-3897-4017-9FC9-7764ECB28D0A}.Release|Any CPU.ActiveCfg = Release|Any CPU
		{5CDD1CD2-3897-4017-9FC9-7764ECB28D0A}.Release|Any CPU.Build.0 = Release|Any CPU
		{82228093-EED5-42F9-B03A-F6DBE91648D9}.Debug|Any CPU.ActiveCfg = Debug|Any CPU
		{82228093-EED5-42F9-B03A-F6DBE91648D9}.Debug|Any CPU.Build.0 = Debug|Any CPU
		{82228093-EED5-42F9-B03A-F6DBE91648D9}.Release|Any CPU.ActiveCfg = Release|Any CPU
		{82228093-EED5-42F9-B03A-F6DBE91648D9}.Release|Any CPU.Build.0 = Release|Any CPU
		{2011E2AD-9B83-460A-989E-7972E8CB610C}.Debug|Any CPU.ActiveCfg = Debug|Any CPU
		{2011E2AD-9B83-460A-989E-7972E8CB610C}.Debug|Any CPU.Build.0 = Debug|Any CPU
		{2011E2AD-9B83-460A-989E-7972E8CB610C}.Release|Any CPU.ActiveCfg = Release|Any CPU
		{2011E2AD-9B83-460A-989E-7972E8CB610C}.Release|Any CPU.Build.0 = Release|Any CPU
		{95A7AAD5-7E6D-4D58-82F8-686590577641}.Debug|Any CPU.ActiveCfg = Debug|Any CPU
		{95A7AAD5-7E6D-4D58-82F8-686590577641}.Debug|Any CPU.Build.0 = Debug|Any CPU
		{95A7AAD5-7E6D-4D58-82F8-686590577641}.Release|Any CPU.ActiveCfg = Release|Any CPU
		{95A7AAD5-7E6D-4D58-82F8-686590577641}.Release|Any CPU.Build.0 = Release|Any CPU
		{DD737159-C889-40E1-960E-A5743B83B3DA}.Debug|Any CPU.ActiveCfg = Debug|Any CPU
		{DD737159-C889-40E1-960E-A5743B83B3DA}.Debug|Any CPU.Build.0 = Debug|Any CPU
		{DD737159-C889-40E1-960E-A5743B83B3DA}.Release|Any CPU.ActiveCfg = Release|Any CPU
		{DD737159-C889-40E1-960E-A5743B83B3DA}.Release|Any CPU.Build.0 = Release|Any CPU
		{45DC2991-2D14-4D4F-A82F-71F957FE026F}.Debug|Any CPU.ActiveCfg = Debug|Any CPU
		{45DC2991-2D14-4D4F-A82F-71F957FE026F}.Debug|Any CPU.Build.0 = Debug|Any CPU
		{45DC2991-2D14-4D4F-A82F-71F957FE026F}.Release|Any CPU.ActiveCfg = Release|Any CPU
		{45DC2991-2D14-4D4F-A82F-71F957FE026F}.Release|Any CPU.Build.0 = Release|Any CPU
		{AA21920A-DEF5-428F-8241-EE7A4F3A8414}.Debug|Any CPU.ActiveCfg = Debug|Any CPU
		{AA21920A-DEF5-428F-8241-EE7A4F3A8414}.Debug|Any CPU.Build.0 = Debug|Any CPU
		{AA21920A-DEF5-428F-8241-EE7A4F3A8414}.Release|Any CPU.ActiveCfg = Release|Any CPU
		{AA21920A-DEF5-428F-8241-EE7A4F3A8414}.Release|Any CPU.Build.0 = Release|Any CPU
		{24797876-E458-4380-AC79-00E2D2B718EF}.Debug|Any CPU.ActiveCfg = Debug|Any CPU
		{24797876-E458-4380-AC79-00E2D2B718EF}.Debug|Any CPU.Build.0 = Debug|Any CPU
		{24797876-E458-4380-AC79-00E2D2B718EF}.Release|Any CPU.ActiveCfg = Release|Any CPU
		{24797876-E458-4380-AC79-00E2D2B718EF}.Release|Any CPU.Build.0 = Release|Any CPU
		{27083505-7BEB-4787-A12A-8471759E3207}.Debug|Any CPU.ActiveCfg = Debug|Any CPU
		{27083505-7BEB-4787-A12A-8471759E3207}.Debug|Any CPU.Build.0 = Debug|Any CPU
		{27083505-7BEB-4787-A12A-8471759E3207}.Release|Any CPU.ActiveCfg = Release|Any CPU
		{27083505-7BEB-4787-A12A-8471759E3207}.Release|Any CPU.Build.0 = Release|Any CPU
		{28B4664B-3C40-4FEA-B188-B95DB1EC4411}.Debug|Any CPU.ActiveCfg = Debug|Any CPU
		{28B4664B-3C40-4FEA-B188-B95DB1EC4411}.Debug|Any CPU.Build.0 = Debug|Any CPU
		{28B4664B-3C40-4FEA-B188-B95DB1EC4411}.Release|Any CPU.ActiveCfg = Release|Any CPU
		{28B4664B-3C40-4FEA-B188-B95DB1EC4411}.Release|Any CPU.Build.0 = Release|Any CPU
		{71DAFA30-49C8-4574-81CF-109C07E3485B}.Debug|Any CPU.ActiveCfg = Debug|Any CPU
		{71DAFA30-49C8-4574-81CF-109C07E3485B}.Debug|Any CPU.Build.0 = Debug|Any CPU
		{71DAFA30-49C8-4574-81CF-109C07E3485B}.Release|Any CPU.ActiveCfg = Release|Any CPU
		{71DAFA30-49C8-4574-81CF-109C07E3485B}.Release|Any CPU.Build.0 = Release|Any CPU
		{4EC79E8F-D0CE-4E1C-AFB8-B0CE79CF86F5}.Debug|Any CPU.ActiveCfg = Debug|Any CPU
		{4EC79E8F-D0CE-4E1C-AFB8-B0CE79CF86F5}.Debug|Any CPU.Build.0 = Debug|Any CPU
		{4EC79E8F-D0CE-4E1C-AFB8-B0CE79CF86F5}.Release|Any CPU.ActiveCfg = Release|Any CPU
		{4EC79E8F-D0CE-4E1C-AFB8-B0CE79CF86F5}.Release|Any CPU.Build.0 = Release|Any CPU
		{8A7BEBB2-8D3D-4581-8270-C5606A91951C}.Debug|Any CPU.ActiveCfg = Debug|Any CPU
		{8A7BEBB2-8D3D-4581-8270-C5606A91951C}.Debug|Any CPU.Build.0 = Debug|Any CPU
		{8A7BEBB2-8D3D-4581-8270-C5606A91951C}.Release|Any CPU.ActiveCfg = Release|Any CPU
		{8A7BEBB2-8D3D-4581-8270-C5606A91951C}.Release|Any CPU.Build.0 = Release|Any CPU
		{50FEA704-2D46-4C30-A45F-995A72D20577}.Debug|Any CPU.ActiveCfg = Debug|Any CPU
		{50FEA704-2D46-4C30-A45F-995A72D20577}.Debug|Any CPU.Build.0 = Debug|Any CPU
		{50FEA704-2D46-4C30-A45F-995A72D20577}.Release|Any CPU.ActiveCfg = Release|Any CPU
		{50FEA704-2D46-4C30-A45F-995A72D20577}.Release|Any CPU.Build.0 = Release|Any CPU
		{505F6B7B-0F2F-4550-A251-8E4048A8C195}.Debug|Any CPU.ActiveCfg = Debug|Any CPU
		{505F6B7B-0F2F-4550-A251-8E4048A8C195}.Debug|Any CPU.Build.0 = Debug|Any CPU
		{505F6B7B-0F2F-4550-A251-8E4048A8C195}.Release|Any CPU.ActiveCfg = Release|Any CPU
		{505F6B7B-0F2F-4550-A251-8E4048A8C195}.Release|Any CPU.Build.0 = Release|Any CPU
		{0F4A551B-A8AD-487E-8B97-5107A37FE415}.Debug|Any CPU.ActiveCfg = Debug|Any CPU
		{0F4A551B-A8AD-487E-8B97-5107A37FE415}.Debug|Any CPU.Build.0 = Debug|Any CPU
		{0F4A551B-A8AD-487E-8B97-5107A37FE415}.Release|Any CPU.ActiveCfg = Release|Any CPU
		{0F4A551B-A8AD-487E-8B97-5107A37FE415}.Release|Any CPU.Build.0 = Release|Any CPU
		{CF8DA62C-796B-483B-8A72-46B565334920}.Debug|Any CPU.ActiveCfg = Debug|Any CPU
		{CF8DA62C-796B-483B-8A72-46B565334920}.Debug|Any CPU.Build.0 = Debug|Any CPU
		{CF8DA62C-796B-483B-8A72-46B565334920}.Release|Any CPU.ActiveCfg = Release|Any CPU
		{CF8DA62C-796B-483B-8A72-46B565334920}.Release|Any CPU.Build.0 = Release|Any CPU
		{B7A721DA-3264-4BBC-9909-F648934E7C9B}.Debug|Any CPU.ActiveCfg = Debug|Any CPU
		{B7A721DA-3264-4BBC-9909-F648934E7C9B}.Debug|Any CPU.Build.0 = Debug|Any CPU
		{B7A721DA-3264-4BBC-9909-F648934E7C9B}.Release|Any CPU.ActiveCfg = Release|Any CPU
		{B7A721DA-3264-4BBC-9909-F648934E7C9B}.Release|Any CPU.Build.0 = Release|Any CPU
		{3F63A817-6CA4-4EC0-9CAC-B99D893266E1}.Debug|Any CPU.ActiveCfg = Debug|Any CPU
		{3F63A817-6CA4-4EC0-9CAC-B99D893266E1}.Debug|Any CPU.Build.0 = Debug|Any CPU
		{3F63A817-6CA4-4EC0-9CAC-B99D893266E1}.Release|Any CPU.ActiveCfg = Release|Any CPU
		{3F63A817-6CA4-4EC0-9CAC-B99D893266E1}.Release|Any CPU.Build.0 = Release|Any CPU
		{477E9B4B-7AAE-417B-ACF2-EE508F92A0D7}.Debug|Any CPU.ActiveCfg = Debug|Any CPU
		{477E9B4B-7AAE-417B-ACF2-EE508F92A0D7}.Debug|Any CPU.Build.0 = Debug|Any CPU
		{477E9B4B-7AAE-417B-ACF2-EE508F92A0D7}.Release|Any CPU.ActiveCfg = Release|Any CPU
		{477E9B4B-7AAE-417B-ACF2-EE508F92A0D7}.Release|Any CPU.Build.0 = Release|Any CPU
		{EF4A8692-0CEC-4758-BD22-AA5B51CF8D6E}.Debug|Any CPU.ActiveCfg = Debug|Any CPU
		{EF4A8692-0CEC-4758-BD22-AA5B51CF8D6E}.Debug|Any CPU.Build.0 = Debug|Any CPU
		{EF4A8692-0CEC-4758-BD22-AA5B51CF8D6E}.Release|Any CPU.ActiveCfg = Release|Any CPU
		{EF4A8692-0CEC-4758-BD22-AA5B51CF8D6E}.Release|Any CPU.Build.0 = Release|Any CPU
	EndGlobalSection
	GlobalSection(SolutionProperties) = preSolution
		HideSolutionNode = FALSE
	EndGlobalSection
	GlobalSection(NestedProjects) = preSolution
		{5CDD1CD2-3897-4017-9FC9-7764ECB28D0A} = {F971DC96-3E58-4631-9BD6-18D6EFF0F14B}
		{82228093-EED5-42F9-B03A-F6DBE91648D9} = {F971DC96-3E58-4631-9BD6-18D6EFF0F14B}
		{2011E2AD-9B83-460A-989E-7972E8CB610C} = {F971DC96-3E58-4631-9BD6-18D6EFF0F14B}
		{95A7AAD5-7E6D-4D58-82F8-686590577641} = {09971704-F0B6-4943-AB60-F411BAF62970}
		{DD737159-C889-40E1-960E-A5743B83B3DA} = {09971704-F0B6-4943-AB60-F411BAF62970}
		{45DC2991-2D14-4D4F-A82F-71F957FE026F} = {09971704-F0B6-4943-AB60-F411BAF62970}
		{AA21920A-DEF5-428F-8241-EE7A4F3A8414} = {2D80A614-C42E-49F6-887D-DDCE26C43FA9}
		{24797876-E458-4380-AC79-00E2D2B718EF} = {2D80A614-C42E-49F6-887D-DDCE26C43FA9}
		{27083505-7BEB-4787-A12A-8471759E3207} = {2D80A614-C42E-49F6-887D-DDCE26C43FA9}
		{28B4664B-3C40-4FEA-B188-B95DB1EC4411} = {EBC4CC68-0EC1-4753-B10A-A82DCB2570EC}
		{71DAFA30-49C8-4574-81CF-109C07E3485B} = {EBC4CC68-0EC1-4753-B10A-A82DCB2570EC}
		{4EC79E8F-D0CE-4E1C-AFB8-B0CE79CF86F5} = {EBC4CC68-0EC1-4753-B10A-A82DCB2570EC}
		{8A7BEBB2-8D3D-4581-8270-C5606A91951C} = {1941346C-4995-4859-87E8-600796959B97}
		{50FEA704-2D46-4C30-A45F-995A72D20577} = {1941346C-4995-4859-87E8-600796959B97}
		{505F6B7B-0F2F-4550-A251-8E4048A8C195} = {1941346C-4995-4859-87E8-600796959B97}
		{0F4A551B-A8AD-487E-8B97-5107A37FE415} = {65BF43CC-B301-4063-8FE1-58271FD0789E}
		{CF8DA62C-796B-483B-8A72-46B565334920} = {65BF43CC-B301-4063-8FE1-58271FD0789E}
		{B7A721DA-3264-4BBC-9909-F648934E7C9B} = {65BF43CC-B301-4063-8FE1-58271FD0789E}
		{3F63A817-6CA4-4EC0-9CAC-B99D893266E1} = {1A605256-8045-4BC2-BD76-8745972B13E7}
		{477E9B4B-7AAE-417B-ACF2-EE508F92A0D7} = {1A605256-8045-4BC2-BD76-8745972B13E7}
		{EF4A8692-0CEC-4758-BD22-AA5B51CF8D6E} = {1A605256-8045-4BC2-BD76-8745972B13E7}
	EndGlobalSection
	GlobalSection(ExtensibilityGlobals) = postSolution
		SolutionGuid = {2968FBDF-C95D-4DEB-8733-11481C729862}
	EndGlobalSection
EndGlobal
